{
  "nodes": {
    "flake-utils": {
      "locked": {
        "lastModified": 1659877975,
        "narHash": "sha256-zllb8aq3YO3h8B/U0/J1WBgAL8EX5yWf5pMj3G0NAmc=",
        "owner": "numtide",
        "repo": "flake-utils",
        "rev": "c0e246b9b83f637f4681389ecabcb2681b4f3af0",
        "type": "github"
      },
      "original": {
        "owner": "numtide",
        "repo": "flake-utils",
        "type": "github"
      }
    },
    "nixpkgs": {
      "locked": {
        "lastModified": 1665095519,
        "narHash": "sha256-Zq0OVnHPrxqsgXqcqE6AYoeH6BPamcJt2je7dqi/HG8=",
        "owner": "nixos",
        "repo": "nixpkgs",
        "rev": "f65793f87cafbcc1e6dd4a016eb5c21dc9a6733a",
        "type": "github"
      },
      "original": {
        "owner": "nixos",
        "repo": "nixpkgs",
        "type": "github"
      }
    },
    "root": {
      "inputs": {
        "flake-utils": "flake-utils",
        "nixpkgs": "nixpkgs",
        "smithy4s-nix": "smithy4s-nix"
      }
    },
    "smithy4s-nix": {
      "inputs": {
        "flake-utils": [
          "flake-utils"
        ],
        "nixpkgs": [
          "nixpkgs"
        ]
      },
      "locked": {
        "lastModified": 1665115061,
        "narHash": "sha256-MxjRCsO/OIWbBVs2NHT1eAMEH6TH5+0LtkyS1KziZ+U=",
        "owner": "kubukoz",
        "repo": "smithy4s-nix",
        "rev": "6c25553b1d77f79a5db6560fd77612760d083d36",
        "type": "github"
      },
      "original": {
        "owner": "kubukoz",
        "repo": "smithy4s-nix",
        "type": "github"
      }
    }
  },
  "root": "root",
  "version": 7
}
